
Microsoft Visual Studio Solution File, Format Version 12.00
# Visual Studio Version 17
VisualStudioVersion = 17.4.33110.190
MinimumVisualStudioVersion = 10.0.40219.1
Project("{9A19103F-16F7-4668-BE54-9A1E7A4F7556}") = "BeholderArchi", "BeholderArchi\BeholderArchi.csproj", "{B2BCC73A-0009-40AF-A5D9-23B31FCAEC0E}"
EndProject
Global
	GlobalSection(SolutionConfigurationPlatforms) = preSolution
		Debug|Any CPU = Debug|Any CPU
		Release|Any CPU = Release|Any CPU
	EndGlobalSection
	GlobalSection(ProjectConfigurationPlatforms) = postSolution
		{B2BCC73A-0009-40AF-A5D9-23B31FCAEC0E}.Debug|Any CPU.ActiveCfg = Debug|Any CPU
		{B2BCC73A-0009-40AF-A5D9-23B31FCAEC0E}.Debug|Any CPU.Build.0 = Debug|Any CPU
		{B2BCC73A-0009-40AF-A5D9-23B31FCAEC0E}.Release|Any CPU.ActiveCfg = Release|Any CPU
		{B2BCC73A-0009-40AF-A5D9-23B31FCAEC0E}.Release|Any CPU.Build.0 = Release|Any CPU
	EndGlobalSection
	GlobalSection(SolutionProperties) = preSolution
		HideSolutionNode = FALSE
	EndGlobalSection
	GlobalSection(ExtensibilityGlobals) = postSolution
		SolutionGuid = {1D62D684-B913-416D-838E-2F00B3D83158}
	EndGlobalSection
EndGlobal
